
Microsoft Visual Studio Solution File, Format Version 12.00
# Visual Studio Version 16
VisualStudioVersion = 16.0.31424.327
MinimumVisualStudioVersion = 10.0.40219.1
Project("{FAE04EC0-301F-11D3-BF4B-00C04F79EFBC}") = "Multiply 3 Numbers", "Multiply 3 Numbers.csproj", "{BFE39186-D2A2-4FD4-A09F-692F3054A7F8}"
EndProject
Global
	GlobalSection(SolutionConfigurationPlatforms) = preSolution
		Debug|Any CPU = Debug|Any CPU
		Release|Any CPU = Release|Any CPU
	EndGlobalSection
	GlobalSection(ProjectConfigurationPlatforms) = postSolution
		{BFE39186-D2A2-4FD4-A09F-692F3054A7F8}.Debug|Any CPU.ActiveCfg = Debug|Any CPU
		{BFE39186-D2A2-4FD4-A09F-692F3054A7F8}.Debug|Any CPU.Build.0 = Debug|Any CPU
		{BFE39186-D2A2-4FD4-A09F-692F3054A7F8}.Release|Any CPU.ActiveCfg = Release|Any CPU
		{BFE39186-D2A2-4FD4-A09F-692F3054A7F8}.Release|Any CPU.Build.0 = Release|Any CPU
	EndGlobalSection
	GlobalSection(SolutionProperties) = preSolution
		HideSolutionNode = FALSE
	EndGlobalSection
	GlobalSection(ExtensibilityGlobals) = postSolution
		SolutionGuid = {FEA635B1-B588-457E-AACF-222685B3DEA2}
	EndGlobalSection
EndGlobal
